// !$*UTF8*$!
{
	archiveVersion = 1;
	classes = {
	};
	objectVersion = 55;
	objects = {

/* Begin PBXBuildFile section */
		01C901995FB13E8FDE22FDA2 /* Pods_GitHubExplorer_GitHubExplorerUITests.framework in Frameworks */ = {isa = PBXBuildFile; fileRef = 293562E8D8ED18951A241240 /* Pods_GitHubExplorer_GitHubExplorerUITests.framework */; };
		6669D1B819B6F916D0A7B073 /* Pods_GitHubExplorerTests.framework in Frameworks */ = {isa = PBXBuildFile; fileRef = CDF27737F07CCCD5F8424350 /* Pods_GitHubExplorerTests.framework */; };
		8D1F19C2C0EFA22FD13EFD0D /* Pods_GitHubExplorer.framework in Frameworks */ = {isa = PBXBuildFile; fileRef = 98080C9DEE7E18D0B2848F25 /* Pods_GitHubExplorer.framework */; };
		FD18D5D92844D91E00DDA237 /* RepositoriesSpyView.swift in Sources */ = {isa = PBXBuildFile; fileRef = FD18D5D82844D91E00DDA237 /* RepositoriesSpyView.swift */; };
		FD18D5DB2844DAEE00DDA237 /* RepositoriesPresenterTests.swift in Sources */ = {isa = PBXBuildFile; fileRef = FD18D5DA2844DAEE00DDA237 /* RepositoriesPresenterTests.swift */; };
		FD18D5DE2844ED8C00DDA237 /* RepositoryViewController.swift in Sources */ = {isa = PBXBuildFile; fileRef = FD18D5DD2844ED8C00DDA237 /* RepositoryViewController.swift */; };
		FD26052028398A8E006B117C /* AppDelegate.swift in Sources */ = {isa = PBXBuildFile; fileRef = FD26051F28398A8E006B117C /* AppDelegate.swift */; };
		FD26052228398A8E006B117C /* SceneDelegate.swift in Sources */ = {isa = PBXBuildFile; fileRef = FD26052128398A8E006B117C /* SceneDelegate.swift */; };
		FD26052428398A8E006B117C /* ViewController.swift in Sources */ = {isa = PBXBuildFile; fileRef = FD26052328398A8E006B117C /* ViewController.swift */; };
		FD26052728398A8E006B117C /* Main.storyboard in Resources */ = {isa = PBXBuildFile; fileRef = FD26052528398A8E006B117C /* Main.storyboard */; };
		FD26052928398A91006B117C /* Assets.xcassets in Resources */ = {isa = PBXBuildFile; fileRef = FD26052828398A91006B117C /* Assets.xcassets */; };
		FD26052C28398A91006B117C /* LaunchScreen.storyboard in Resources */ = {isa = PBXBuildFile; fileRef = FD26052A28398A91006B117C /* LaunchScreen.storyboard */; };
		FD26054128398A91006B117C /* GitHubExplorerUITests.swift in Sources */ = {isa = PBXBuildFile; fileRef = FD26054028398A91006B117C /* GitHubExplorerUITests.swift */; };
		FD26054328398A91006B117C /* GitHubExplorerUITestsLaunchTests.swift in Sources */ = {isa = PBXBuildFile; fileRef = FD26054228398A91006B117C /* GitHubExplorerUITestsLaunchTests.swift */; };
		FD3D706A2843930C001CEAFE /* LoginPresenterTests.swift in Sources */ = {isa = PBXBuildFile; fileRef = FD3D70692843930C001CEAFE /* LoginPresenterTests.swift */; };
		FD3D706C2843A27D001CEAFE /* LoginSpyView.swift in Sources */ = {isa = PBXBuildFile; fileRef = FD3D706B2843A27D001CEAFE /* LoginSpyView.swift */; };
		FD3D706E2843C6F2001CEAFE /* ProfilePresenterTest.swift in Sources */ = {isa = PBXBuildFile; fileRef = FD3D706D2843C6F2001CEAFE /* ProfilePresenterTest.swift */; };
		FD3D70712843C741001CEAFE /* ProfileSpyView.swift in Sources */ = {isa = PBXBuildFile; fileRef = FD3D70702843C741001CEAFE /* ProfileSpyView.swift */; };
		FD3D70732843D587001CEAFE /* RepositoryDTO.swift in Sources */ = {isa = PBXBuildFile; fileRef = FD3D70722843D587001CEAFE /* RepositoryDTO.swift */; };
		FD3D70742843D58C001CEAFE /* RepositoryDTO.swift in Sources */ = {isa = PBXBuildFile; fileRef = FD3D70722843D587001CEAFE /* RepositoryDTO.swift */; };
		FD519CDD2845E26C0020F2DA /* SearchViewController.swift in Sources */ = {isa = PBXBuildFile; fileRef = FD519CDC2845E26C0020F2DA /* SearchViewController.swift */; };
		FD519CDF2845E2780020F2DA /* SearchView.swift in Sources */ = {isa = PBXBuildFile; fileRef = FD519CDE2845E2780020F2DA /* SearchView.swift */; };
		FD519CE12845E2840020F2DA /* SearchPresenter.swift in Sources */ = {isa = PBXBuildFile; fileRef = FD519CE02845E2840020F2DA /* SearchPresenter.swift */; };
		FD519CE32845E4EB0020F2DA /* SearchSpyView.swift in Sources */ = {isa = PBXBuildFile; fileRef = FD519CE22845E4EB0020F2DA /* SearchSpyView.swift */; };
		FD519CE42845E52F0020F2DA /* SearchView.swift in Sources */ = {isa = PBXBuildFile; fileRef = FD519CDE2845E2780020F2DA /* SearchView.swift */; };
		FD519CE62845E54F0020F2DA /* SearchPresenterTests.swift in Sources */ = {isa = PBXBuildFile; fileRef = FD519CE52845E54F0020F2DA /* SearchPresenterTests.swift */; };
		FD519CE72845E7A90020F2DA /* RepositoryViewController.swift in Sources */ = {isa = PBXBuildFile; fileRef = FD18D5DD2844ED8C00DDA237 /* RepositoryViewController.swift */; };
		FD519CE82845E94F0020F2DA /* SearchPresenter.swift in Sources */ = {isa = PBXBuildFile; fileRef = FD519CE02845E2840020F2DA /* SearchPresenter.swift */; };
		FD52C2012839954900A5C689 /* .gitignore in Resources */ = {isa = PBXBuildFile; fileRef = FD52C2002839954900A5C689 /* .gitignore */; };
		FD71A4E7283C1F7100C45A42 /* UserAPI+Extras.swift in Sources */ = {isa = PBXBuildFile; fileRef = FD71A4E6283C1F7100C45A42 /* UserAPI+Extras.swift */; };
		FD71A4EB283D36D900C45A42 /* LoginViewController.swift in Sources */ = {isa = PBXBuildFile; fileRef = FD71A4EA283D36D900C45A42 /* LoginViewController.swift */; };
		FD71A4EC283D36D900C45A42 /* LoginViewController.swift in Sources */ = {isa = PBXBuildFile; fileRef = FD71A4EA283D36D900C45A42 /* LoginViewController.swift */; };
		FD71A4F0283D380800C45A42 /* LoginPresenter.swift in Sources */ = {isa = PBXBuildFile; fileRef = FD71A4EF283D380800C45A42 /* LoginPresenter.swift */; };
		FD71A4F1283D380800C45A42 /* LoginPresenter.swift in Sources */ = {isa = PBXBuildFile; fileRef = FD71A4EF283D380800C45A42 /* LoginPresenter.swift */; };
		FD71A4F3283D388700C45A42 /* LoginView.swift in Sources */ = {isa = PBXBuildFile; fileRef = FD71A4F2283D388700C45A42 /* LoginView.swift */; };
		FD71A4F4283D388700C45A42 /* LoginView.swift in Sources */ = {isa = PBXBuildFile; fileRef = FD71A4F2283D388700C45A42 /* LoginView.swift */; };
		FD71A4F7283DE99D00C45A42 /* ProfileViewController.swift in Sources */ = {isa = PBXBuildFile; fileRef = FD71A4F6283DE99D00C45A42 /* ProfileViewController.swift */; };
		FD71A4F8283DE99D00C45A42 /* ProfileViewController.swift in Sources */ = {isa = PBXBuildFile; fileRef = FD71A4F6283DE99D00C45A42 /* ProfileViewController.swift */; };
		FD71A4FA283DEA2F00C45A42 /* ProfileView.swift in Sources */ = {isa = PBXBuildFile; fileRef = FD71A4F9283DEA2F00C45A42 /* ProfileView.swift */; };
		FD71A4FB283DEA2F00C45A42 /* ProfileView.swift in Sources */ = {isa = PBXBuildFile; fileRef = FD71A4F9283DEA2F00C45A42 /* ProfileView.swift */; };
		FD71A4FD283DEA3E00C45A42 /* ProfilePresenter.swift in Sources */ = {isa = PBXBuildFile; fileRef = FD71A4FC283DEA3E00C45A42 /* ProfilePresenter.swift */; };
		FD71A4FE283DEA3E00C45A42 /* ProfilePresenter.swift in Sources */ = {isa = PBXBuildFile; fileRef = FD71A4FC283DEA3E00C45A42 /* ProfilePresenter.swift */; };
		FD71A5012840118F00C45A42 /* UIViewController+Extras.swift in Sources */ = {isa = PBXBuildFile; fileRef = FD71A5002840118F00C45A42 /* UIViewController+Extras.swift */; };
		FD71A5022840118F00C45A42 /* UIViewController+Extras.swift in Sources */ = {isa = PBXBuildFile; fileRef = FD71A5002840118F00C45A42 /* UIViewController+Extras.swift */; };
		FD71A505284012BF00C45A42 /* UserDTO.swift in Sources */ = {isa = PBXBuildFile; fileRef = FD71A504284012BF00C45A42 /* UserDTO.swift */; };
		FD71A506284012BF00C45A42 /* UserDTO.swift in Sources */ = {isa = PBXBuildFile; fileRef = FD71A504284012BF00C45A42 /* UserDTO.swift */; };
		FD71A5082840166B00C45A42 /* Converter.swift in Sources */ = {isa = PBXBuildFile; fileRef = FD71A5072840166B00C45A42 /* Converter.swift */; };
		FD71A5092840166B00C45A42 /* Converter.swift in Sources */ = {isa = PBXBuildFile; fileRef = FD71A5072840166B00C45A42 /* Converter.swift */; };
		FD71A50B28402D4700C45A42 /* ServiceLocator.swift in Sources */ = {isa = PBXBuildFile; fileRef = FD71A50A28402D4700C45A42 /* ServiceLocator.swift */; };
		FD71A50C28402D4700C45A42 /* ServiceLocator.swift in Sources */ = {isa = PBXBuildFile; fileRef = FD71A50A28402D4700C45A42 /* ServiceLocator.swift */; };
		FD71A50E2840336900C45A42 /* FollowResponse.swift in Sources */ = {isa = PBXBuildFile; fileRef = FD71A50D2840336900C45A42 /* FollowResponse.swift */; };
		FD71A50F2840336900C45A42 /* FollowResponse.swift in Sources */ = {isa = PBXBuildFile; fileRef = FD71A50D2840336900C45A42 /* FollowResponse.swift */; };
		FD71A5152841222A00C45A42 /* UsersViewController.swift in Sources */ = {isa = PBXBuildFile; fileRef = FD71A5142841222A00C45A42 /* UsersViewController.swift */; };
		FD71A5182841223300C45A42 /* UsersView.swift in Sources */ = {isa = PBXBuildFile; fileRef = FD71A5172841223300C45A42 /* UsersView.swift */; };
		FD71A51B2841224000C45A42 /* UsersPresenter.swift in Sources */ = {isa = PBXBuildFile; fileRef = FD71A51A2841224000C45A42 /* UsersPresenter.swift */; };
		FD71A51E28413AD400C45A42 /* FollowUserDTO.swift in Sources */ = {isa = PBXBuildFile; fileRef = FD71A51D28413AD400C45A42 /* FollowUserDTO.swift */; };
		FD71A51F28413AD400C45A42 /* FollowUserDTO.swift in Sources */ = {isa = PBXBuildFile; fileRef = FD71A51D28413AD400C45A42 /* FollowUserDTO.swift */; };
		FD71A52228413D5200C45A42 /* BaseView.swift in Sources */ = {isa = PBXBuildFile; fileRef = FD71A52128413D5200C45A42 /* BaseView.swift */; };
		FD71A52328413D5200C45A42 /* BaseView.swift in Sources */ = {isa = PBXBuildFile; fileRef = FD71A52128413D5200C45A42 /* BaseView.swift */; };
		FD71A5262841DF9E00C45A42 /* RepositoriesViewController.swift in Sources */ = {isa = PBXBuildFile; fileRef = FD71A5252841DF9E00C45A42 /* RepositoriesViewController.swift */; };
		FD71A5272841DF9E00C45A42 /* RepositoriesViewController.swift in Sources */ = {isa = PBXBuildFile; fileRef = FD71A5252841DF9E00C45A42 /* RepositoriesViewController.swift */; };
		FD71A5292841DFBF00C45A42 /* RepositoriesView.swift in Sources */ = {isa = PBXBuildFile; fileRef = FD71A5282841DFBF00C45A42 /* RepositoriesView.swift */; };
		FD71A52A2841DFBF00C45A42 /* RepositoriesView.swift in Sources */ = {isa = PBXBuildFile; fileRef = FD71A5282841DFBF00C45A42 /* RepositoriesView.swift */; };
		FD71A52C2841DFCD00C45A42 /* RepositoriesPresenter.swift in Sources */ = {isa = PBXBuildFile; fileRef = FD71A52B2841DFCD00C45A42 /* RepositoriesPresenter.swift */; };
		FD71A52D2841DFCD00C45A42 /* RepositoriesPresenter.swift in Sources */ = {isa = PBXBuildFile; fileRef = FD71A52B2841DFCD00C45A42 /* RepositoriesPresenter.swift */; };
		FD71A530284369BD00C45A42 /* GitHubExplorerIntegrationTests.swift in Sources */ = {isa = PBXBuildFile; fileRef = FD71A52E284369BD00C45A42 /* GitHubExplorerIntegrationTests.swift */; };
		FDCF694C2846BAB6005FB52C /* PersistanceTests.swift in Sources */ = {isa = PBXBuildFile; fileRef = FDCF694B2846BAB6005FB52C /* PersistanceTests.swift */; };
		FDCF694F2846C7CA005FB52C /* Storage.swift in Sources */ = {isa = PBXBuildFile; fileRef = FDCF694E2846C7CA005FB52C /* Storage.swift */; };
		FDCF69502846C7CA005FB52C /* Storage.swift in Sources */ = {isa = PBXBuildFile; fileRef = FDCF694E2846C7CA005FB52C /* Storage.swift */; };
/* End PBXBuildFile section */

/* Begin PBXContainerItemProxy section */
		FD26053328398A91006B117C /* PBXContainerItemProxy */ = {
			isa = PBXContainerItemProxy;
			containerPortal = FD26051428398A8E006B117C /* Project object */;
			proxyType = 1;
			remoteGlobalIDString = FD26051B28398A8E006B117C;
			remoteInfo = GitHubExplorer;
		};
		FD26053D28398A91006B117C /* PBXContainerItemProxy */ = {
			isa = PBXContainerItemProxy;
			containerPortal = FD26051428398A8E006B117C /* Project object */;
			proxyType = 1;
			remoteGlobalIDString = FD26051B28398A8E006B117C;
			remoteInfo = GitHubExplorer;
		};
/* End PBXContainerItemProxy section */

/* Begin PBXFileReference section */
		286C6808940B5EE3F2C31CE4 /* Pods-GitHubExplorerTests.release.xcconfig */ = {isa = PBXFileReference; includeInIndex = 1; lastKnownFileType = text.xcconfig; name = "Pods-GitHubExplorerTests.release.xcconfig"; path = "Target Support Files/Pods-GitHubExplorerTests/Pods-GitHubExplorerTests.release.xcconfig"; sourceTree = "<group>"; };
		293562E8D8ED18951A241240 /* Pods_GitHubExplorer_GitHubExplorerUITests.framework */ = {isa = PBXFileReference; explicitFileType = wrapper.framework; includeInIndex = 0; path = Pods_GitHubExplorer_GitHubExplorerUITests.framework; sourceTree = BUILT_PRODUCTS_DIR; };
		592478D7866EDB057C37176C /* Pods-GitHubExplorer.release.xcconfig */ = {isa = PBXFileReference; includeInIndex = 1; lastKnownFileType = text.xcconfig; name = "Pods-GitHubExplorer.release.xcconfig"; path = "Target Support Files/Pods-GitHubExplorer/Pods-GitHubExplorer.release.xcconfig"; sourceTree = "<group>"; };
		98080C9DEE7E18D0B2848F25 /* Pods_GitHubExplorer.framework */ = {isa = PBXFileReference; explicitFileType = wrapper.framework; includeInIndex = 0; path = Pods_GitHubExplorer.framework; sourceTree = BUILT_PRODUCTS_DIR; };
		9FCAEEEBF39967D68C7C7F51 /* Pods-GitHubExplorer.debug.xcconfig */ = {isa = PBXFileReference; includeInIndex = 1; lastKnownFileType = text.xcconfig; name = "Pods-GitHubExplorer.debug.xcconfig"; path = "Target Support Files/Pods-GitHubExplorer/Pods-GitHubExplorer.debug.xcconfig"; sourceTree = "<group>"; };
		A0597BD9BF1051381D427527 /* Pods-GitHubExplorer-GitHubExplorerUITests.debug.xcconfig */ = {isa = PBXFileReference; includeInIndex = 1; lastKnownFileType = text.xcconfig; name = "Pods-GitHubExplorer-GitHubExplorerUITests.debug.xcconfig"; path = "Target Support Files/Pods-GitHubExplorer-GitHubExplorerUITests/Pods-GitHubExplorer-GitHubExplorerUITests.debug.xcconfig"; sourceTree = "<group>"; };
		BA8BA734B9FFAAF89E9F53A5 /* Pods-GitHubExplorer-GitHubExplorerUITests.release.xcconfig */ = {isa = PBXFileReference; includeInIndex = 1; lastKnownFileType = text.xcconfig; name = "Pods-GitHubExplorer-GitHubExplorerUITests.release.xcconfig"; path = "Target Support Files/Pods-GitHubExplorer-GitHubExplorerUITests/Pods-GitHubExplorer-GitHubExplorerUITests.release.xcconfig"; sourceTree = "<group>"; };
		CDF27737F07CCCD5F8424350 /* Pods_GitHubExplorerTests.framework */ = {isa = PBXFileReference; explicitFileType = wrapper.framework; includeInIndex = 0; path = Pods_GitHubExplorerTests.framework; sourceTree = BUILT_PRODUCTS_DIR; };
		FD18D5D82844D91E00DDA237 /* RepositoriesSpyView.swift */ = {isa = PBXFileReference; lastKnownFileType = sourcecode.swift; path = RepositoriesSpyView.swift; sourceTree = "<group>"; };
		FD18D5DA2844DAEE00DDA237 /* RepositoriesPresenterTests.swift */ = {isa = PBXFileReference; lastKnownFileType = sourcecode.swift; path = RepositoriesPresenterTests.swift; sourceTree = "<group>"; };
		FD18D5DD2844ED8C00DDA237 /* RepositoryViewController.swift */ = {isa = PBXFileReference; lastKnownFileType = sourcecode.swift; path = RepositoryViewController.swift; sourceTree = "<group>"; };
		FD26051C28398A8E006B117C /* GitHubExplorer.app */ = {isa = PBXFileReference; explicitFileType = wrapper.application; includeInIndex = 0; path = GitHubExplorer.app; sourceTree = BUILT_PRODUCTS_DIR; };
		FD26051F28398A8E006B117C /* AppDelegate.swift */ = {isa = PBXFileReference; lastKnownFileType = sourcecode.swift; path = AppDelegate.swift; sourceTree = "<group>"; };
		FD26052128398A8E006B117C /* SceneDelegate.swift */ = {isa = PBXFileReference; lastKnownFileType = sourcecode.swift; path = SceneDelegate.swift; sourceTree = "<group>"; };
		FD26052328398A8E006B117C /* ViewController.swift */ = {isa = PBXFileReference; lastKnownFileType = sourcecode.swift; path = ViewController.swift; sourceTree = "<group>"; };
		FD26052628398A8E006B117C /* Base */ = {isa = PBXFileReference; lastKnownFileType = file.storyboard; name = Base; path = Base.lproj/Main.storyboard; sourceTree = "<group>"; };
		FD26052828398A91006B117C /* Assets.xcassets */ = {isa = PBXFileReference; lastKnownFileType = folder.assetcatalog; path = Assets.xcassets; sourceTree = "<group>"; };
		FD26052B28398A91006B117C /* Base */ = {isa = PBXFileReference; lastKnownFileType = file.storyboard; name = Base; path = Base.lproj/LaunchScreen.storyboard; sourceTree = "<group>"; };
		FD26052D28398A91006B117C /* Info.plist */ = {isa = PBXFileReference; lastKnownFileType = text.plist.xml; path = Info.plist; sourceTree = "<group>"; };
		FD26053228398A91006B117C /* GitHubExplorerTests.xctest */ = {isa = PBXFileReference; explicitFileType = wrapper.cfbundle; includeInIndex = 0; path = GitHubExplorerTests.xctest; sourceTree = BUILT_PRODUCTS_DIR; };
		FD26053C28398A91006B117C /* GitHubExplorerUITests.xctest */ = {isa = PBXFileReference; explicitFileType = wrapper.cfbundle; includeInIndex = 0; path = GitHubExplorerUITests.xctest; sourceTree = BUILT_PRODUCTS_DIR; };
		FD26054028398A91006B117C /* GitHubExplorerUITests.swift */ = {isa = PBXFileReference; lastKnownFileType = sourcecode.swift; path = GitHubExplorerUITests.swift; sourceTree = "<group>"; };
		FD26054228398A91006B117C /* GitHubExplorerUITestsLaunchTests.swift */ = {isa = PBXFileReference; lastKnownFileType = sourcecode.swift; path = GitHubExplorerUITestsLaunchTests.swift; sourceTree = "<group>"; };
		FD3D70692843930C001CEAFE /* LoginPresenterTests.swift */ = {isa = PBXFileReference; lastKnownFileType = sourcecode.swift; path = LoginPresenterTests.swift; sourceTree = "<group>"; };
		FD3D706B2843A27D001CEAFE /* LoginSpyView.swift */ = {isa = PBXFileReference; lastKnownFileType = sourcecode.swift; path = LoginSpyView.swift; sourceTree = "<group>"; };
		FD3D706D2843C6F2001CEAFE /* ProfilePresenterTest.swift */ = {isa = PBXFileReference; lastKnownFileType = sourcecode.swift; path = ProfilePresenterTest.swift; sourceTree = "<group>"; };
		FD3D70702843C741001CEAFE /* ProfileSpyView.swift */ = {isa = PBXFileReference; lastKnownFileType = sourcecode.swift; path = ProfileSpyView.swift; sourceTree = "<group>"; };
		FD3D70722843D587001CEAFE /* RepositoryDTO.swift */ = {isa = PBXFileReference; lastKnownFileType = sourcecode.swift; path = RepositoryDTO.swift; sourceTree = "<group>"; };
		FD519CDC2845E26C0020F2DA /* SearchViewController.swift */ = {isa = PBXFileReference; lastKnownFileType = sourcecode.swift; path = SearchViewController.swift; sourceTree = "<group>"; };
		FD519CDE2845E2780020F2DA /* SearchView.swift */ = {isa = PBXFileReference; lastKnownFileType = sourcecode.swift; path = SearchView.swift; sourceTree = "<group>"; };
		FD519CE02845E2840020F2DA /* SearchPresenter.swift */ = {isa = PBXFileReference; lastKnownFileType = sourcecode.swift; path = SearchPresenter.swift; sourceTree = "<group>"; };
		FD519CE22845E4EB0020F2DA /* SearchSpyView.swift */ = {isa = PBXFileReference; lastKnownFileType = sourcecode.swift; path = SearchSpyView.swift; sourceTree = "<group>"; };
		FD519CE52845E54F0020F2DA /* SearchPresenterTests.swift */ = {isa = PBXFileReference; lastKnownFileType = sourcecode.swift; path = SearchPresenterTests.swift; sourceTree = "<group>"; };
		FD52C2002839954900A5C689 /* .gitignore */ = {isa = PBXFileReference; lastKnownFileType = text; path = .gitignore; sourceTree = "<group>"; };
		FD71A4E6283C1F7100C45A42 /* UserAPI+Extras.swift */ = {isa = PBXFileReference; lastKnownFileType = sourcecode.swift; path = "UserAPI+Extras.swift"; sourceTree = "<group>"; };
		FD71A4EA283D36D900C45A42 /* LoginViewController.swift */ = {isa = PBXFileReference; lastKnownFileType = sourcecode.swift; path = LoginViewController.swift; sourceTree = "<group>"; };
		FD71A4EF283D380800C45A42 /* LoginPresenter.swift */ = {isa = PBXFileReference; lastKnownFileType = sourcecode.swift; path = LoginPresenter.swift; sourceTree = "<group>"; };
		FD71A4F2283D388700C45A42 /* LoginView.swift */ = {isa = PBXFileReference; lastKnownFileType = sourcecode.swift; path = LoginView.swift; sourceTree = "<group>"; };
		FD71A4F6283DE99D00C45A42 /* ProfileViewController.swift */ = {isa = PBXFileReference; lastKnownFileType = sourcecode.swift; path = ProfileViewController.swift; sourceTree = "<group>"; };
		FD71A4F9283DEA2F00C45A42 /* ProfileView.swift */ = {isa = PBXFileReference; lastKnownFileType = sourcecode.swift; path = ProfileView.swift; sourceTree = "<group>"; };
		FD71A4FC283DEA3E00C45A42 /* ProfilePresenter.swift */ = {isa = PBXFileReference; lastKnownFileType = sourcecode.swift; path = ProfilePresenter.swift; sourceTree = "<group>"; };
		FD71A5002840118F00C45A42 /* UIViewController+Extras.swift */ = {isa = PBXFileReference; lastKnownFileType = sourcecode.swift; path = "UIViewController+Extras.swift"; sourceTree = "<group>"; };
		FD71A504284012BF00C45A42 /* UserDTO.swift */ = {isa = PBXFileReference; lastKnownFileType = sourcecode.swift; path = UserDTO.swift; sourceTree = "<group>"; };
		FD71A5072840166B00C45A42 /* Converter.swift */ = {isa = PBXFileReference; lastKnownFileType = sourcecode.swift; path = Converter.swift; sourceTree = "<group>"; };
		FD71A50A28402D4700C45A42 /* ServiceLocator.swift */ = {isa = PBXFileReference; lastKnownFileType = sourcecode.swift; path = ServiceLocator.swift; sourceTree = "<group>"; };
		FD71A50D2840336900C45A42 /* FollowResponse.swift */ = {isa = PBXFileReference; lastKnownFileType = sourcecode.swift; path = FollowResponse.swift; sourceTree = "<group>"; };
		FD71A5142841222A00C45A42 /* UsersViewController.swift */ = {isa = PBXFileReference; lastKnownFileType = sourcecode.swift; path = UsersViewController.swift; sourceTree = "<group>"; };
		FD71A5172841223300C45A42 /* UsersView.swift */ = {isa = PBXFileReference; lastKnownFileType = sourcecode.swift; path = UsersView.swift; sourceTree = "<group>"; };
		FD71A51A2841224000C45A42 /* UsersPresenter.swift */ = {isa = PBXFileReference; lastKnownFileType = sourcecode.swift; path = UsersPresenter.swift; sourceTree = "<group>"; };
		FD71A51D28413AD400C45A42 /* FollowUserDTO.swift */ = {isa = PBXFileReference; lastKnownFileType = sourcecode.swift; path = FollowUserDTO.swift; sourceTree = "<group>"; };
		FD71A52128413D5200C45A42 /* BaseView.swift */ = {isa = PBXFileReference; lastKnownFileType = sourcecode.swift; path = BaseView.swift; sourceTree = "<group>"; };
		FD71A5252841DF9E00C45A42 /* RepositoriesViewController.swift */ = {isa = PBXFileReference; lastKnownFileType = sourcecode.swift; path = RepositoriesViewController.swift; sourceTree = "<group>"; };
		FD71A5282841DFBF00C45A42 /* RepositoriesView.swift */ = {isa = PBXFileReference; lastKnownFileType = sourcecode.swift; path = RepositoriesView.swift; sourceTree = "<group>"; };
		FD71A52B2841DFCD00C45A42 /* RepositoriesPresenter.swift */ = {isa = PBXFileReference; lastKnownFileType = sourcecode.swift; path = RepositoriesPresenter.swift; sourceTree = "<group>"; };
		FD71A52E284369BD00C45A42 /* GitHubExplorerIntegrationTests.swift */ = {isa = PBXFileReference; lastKnownFileType = sourcecode.swift; path = GitHubExplorerIntegrationTests.swift; sourceTree = "<group>"; };
		FDCF694B2846BAB6005FB52C /* PersistanceTests.swift */ = {isa = PBXFileReference; lastKnownFileType = sourcecode.swift; path = PersistanceTests.swift; sourceTree = "<group>"; };
		FDCF694E2846C7CA005FB52C /* Storage.swift */ = {isa = PBXFileReference; lastKnownFileType = sourcecode.swift; path = Storage.swift; sourceTree = "<group>"; };
		FDD14C0DF7A04B5D5524F891 /* Pods-GitHubExplorerTests.debug.xcconfig */ = {isa = PBXFileReference; includeInIndex = 1; lastKnownFileType = text.xcconfig; name = "Pods-GitHubExplorerTests.debug.xcconfig"; path = "Target Support Files/Pods-GitHubExplorerTests/Pods-GitHubExplorerTests.debug.xcconfig"; sourceTree = "<group>"; };
/* End PBXFileReference section */

/* Begin PBXFrameworksBuildPhase section */
		FD26051928398A8E006B117C /* Frameworks */ = {
			isa = PBXFrameworksBuildPhase;
			buildActionMask = 2147483647;
			files = (
				8D1F19C2C0EFA22FD13EFD0D /* Pods_GitHubExplorer.framework in Frameworks */,
			);
			runOnlyForDeploymentPostprocessing = 0;
		};
		FD26052F28398A91006B117C /* Frameworks */ = {
			isa = PBXFrameworksBuildPhase;
			buildActionMask = 2147483647;
			files = (
				6669D1B819B6F916D0A7B073 /* Pods_GitHubExplorerTests.framework in Frameworks */,
			);
			runOnlyForDeploymentPostprocessing = 0;
		};
		FD26053928398A91006B117C /* Frameworks */ = {
			isa = PBXFrameworksBuildPhase;
			buildActionMask = 2147483647;
			files = (
				01C901995FB13E8FDE22FDA2 /* Pods_GitHubExplorer_GitHubExplorerUITests.framework in Frameworks */,
			);
			runOnlyForDeploymentPostprocessing = 0;
		};
/* End PBXFrameworksBuildPhase section */

/* Begin PBXGroup section */
		E14610617A48F42D0DB5E2E5 /* Frameworks */ = {
			isa = PBXGroup;
			children = (
				98080C9DEE7E18D0B2848F25 /* Pods_GitHubExplorer.framework */,
				293562E8D8ED18951A241240 /* Pods_GitHubExplorer_GitHubExplorerUITests.framework */,
				CDF27737F07CCCD5F8424350 /* Pods_GitHubExplorerTests.framework */,
			);
			name = Frameworks;
			sourceTree = "<group>";
		};
		F4359915EBEA6E9FD5E76AF0 /* Pods */ = {
			isa = PBXGroup;
			children = (
				9FCAEEEBF39967D68C7C7F51 /* Pods-GitHubExplorer.debug.xcconfig */,
				592478D7866EDB057C37176C /* Pods-GitHubExplorer.release.xcconfig */,
				A0597BD9BF1051381D427527 /* Pods-GitHubExplorer-GitHubExplorerUITests.debug.xcconfig */,
				BA8BA734B9FFAAF89E9F53A5 /* Pods-GitHubExplorer-GitHubExplorerUITests.release.xcconfig */,
				FDD14C0DF7A04B5D5524F891 /* Pods-GitHubExplorerTests.debug.xcconfig */,
				286C6808940B5EE3F2C31CE4 /* Pods-GitHubExplorerTests.release.xcconfig */,
			);
			path = Pods;
			sourceTree = "<group>";
		};
		FD18D5DC2844ED7C00DDA237 /* Repository */ = {
			isa = PBXGroup;
			children = (
				FD18D5DD2844ED8C00DDA237 /* RepositoryViewController.swift */,
			);
			path = Repository;
			sourceTree = "<group>";
		};
		FD26051328398A8E006B117C = {
			isa = PBXGroup;
			children = (
				FD52C2002839954900A5C689 /* .gitignore */,
				FD26051E28398A8E006B117C /* GitHubExplorer */,
				FD26053528398A91006B117C /* GitHubExplorerTests */,
				FD26053F28398A91006B117C /* GitHubExplorerUITests */,
				FD26051D28398A8E006B117C /* Products */,
				F4359915EBEA6E9FD5E76AF0 /* Pods */,
				E14610617A48F42D0DB5E2E5 /* Frameworks */,
			);
			sourceTree = "<group>";
		};
		FD26051D28398A8E006B117C /* Products */ = {
			isa = PBXGroup;
			children = (
				FD26051C28398A8E006B117C /* GitHubExplorer.app */,
				FD26053228398A91006B117C /* GitHubExplorerTests.xctest */,
				FD26053C28398A91006B117C /* GitHubExplorerUITests.xctest */,
			);
			name = Products;
			sourceTree = "<group>";
		};
		FD26051E28398A8E006B117C /* GitHubExplorer */ = {
			isa = PBXGroup;
			children = (
				FDCF694D2846C795005FB52C /* Persistance */,
				FD71A503284012AE00C45A42 /* DTO */,
				FD71A4FF2840117F00C45A42 /* Utils */,
				FD71A4E9283D36BF00C45A42 /* Scenes */,
				FD71A4E5283C1F5400C45A42 /* API */,
				FD26051F28398A8E006B117C /* AppDelegate.swift */,
				FD26052128398A8E006B117C /* SceneDelegate.swift */,
				FD26052328398A8E006B117C /* ViewController.swift */,
				FD26052528398A8E006B117C /* Main.storyboard */,
				FD26052828398A91006B117C /* Assets.xcassets */,
				FD26052A28398A91006B117C /* LaunchScreen.storyboard */,
				FD26052D28398A91006B117C /* Info.plist */,
			);
			path = GitHubExplorer;
			sourceTree = "<group>";
		};
		FD26053528398A91006B117C /* GitHubExplorerTests */ = {
			isa = PBXGroup;
			children = (
				FD3D706F2843C724001CEAFE /* Spies */,
				FD71A52E284369BD00C45A42 /* GitHubExplorerIntegrationTests.swift */,
				FD3D70692843930C001CEAFE /* LoginPresenterTests.swift */,
				FD3D706D2843C6F2001CEAFE /* ProfilePresenterTest.swift */,
				FD18D5DA2844DAEE00DDA237 /* RepositoriesPresenterTests.swift */,
				FD519CE52845E54F0020F2DA /* SearchPresenterTests.swift */,
				FDCF694B2846BAB6005FB52C /* PersistanceTests.swift */,
			);
			path = GitHubExplorerTests;
			sourceTree = "<group>";
		};
		FD26053F28398A91006B117C /* GitHubExplorerUITests */ = {
			isa = PBXGroup;
			children = (
				FD26054028398A91006B117C /* GitHubExplorerUITests.swift */,
				FD26054228398A91006B117C /* GitHubExplorerUITestsLaunchTests.swift */,
			);
			path = GitHubExplorerUITests;
			sourceTree = "<group>";
		};
		FD3D706F2843C724001CEAFE /* Spies */ = {
			isa = PBXGroup;
			children = (
				FD3D706B2843A27D001CEAFE /* LoginSpyView.swift */,
				FD3D70702843C741001CEAFE /* ProfileSpyView.swift */,
				FD18D5D82844D91E00DDA237 /* RepositoriesSpyView.swift */,
				FD519CE22845E4EB0020F2DA /* SearchSpyView.swift */,
			);
			path = Spies;
			sourceTree = "<group>";
		};
		FD519CDB2845E25B0020F2DA /* Search */ = {
			isa = PBXGroup;
			children = (
				FD519CDC2845E26C0020F2DA /* SearchViewController.swift */,
				FD519CDE2845E2780020F2DA /* SearchView.swift */,
				FD519CE02845E2840020F2DA /* SearchPresenter.swift */,
			);
			path = Search;
			sourceTree = "<group>";
		};
		FD71A4E5283C1F5400C45A42 /* API */ = {
			isa = PBXGroup;
			children = (
				FD71A4E6283C1F7100C45A42 /* UserAPI+Extras.swift */,
				FD71A50D2840336900C45A42 /* FollowResponse.swift */,
			);
			path = API;
			sourceTree = "<group>";
		};
		FD71A4E9283D36BF00C45A42 /* Scenes */ = {
			isa = PBXGroup;
			children = (
				FD519CDB2845E25B0020F2DA /* Search */,
				FD71A52028413D3C00C45A42 /* UI */,
				FD71A5242841DF8900C45A42 /* Repositories */,
				FD71A5132841221A00C45A42 /* Users */,
				FD71A4F5283DE98400C45A42 /* Profile */,
				FD71A4EE283D37F400C45A42 /* Login */,
			);
			path = Scenes;
			sourceTree = "<group>";
		};
		FD71A4EE283D37F400C45A42 /* Login */ = {
			isa = PBXGroup;
			children = (
				FD71A4EA283D36D900C45A42 /* LoginViewController.swift */,
				FD71A4EF283D380800C45A42 /* LoginPresenter.swift */,
				FD71A4F2283D388700C45A42 /* LoginView.swift */,
			);
			path = Login;
			sourceTree = "<group>";
		};
		FD71A4F5283DE98400C45A42 /* Profile */ = {
			isa = PBXGroup;
			children = (
				FD71A4F6283DE99D00C45A42 /* ProfileViewController.swift */,
				FD71A4F9283DEA2F00C45A42 /* ProfileView.swift */,
				FD71A4FC283DEA3E00C45A42 /* ProfilePresenter.swift */,
			);
			path = Profile;
			sourceTree = "<group>";
		};
		FD71A4FF2840117F00C45A42 /* Utils */ = {
			isa = PBXGroup;
			children = (
				FD71A5002840118F00C45A42 /* UIViewController+Extras.swift */,
				FD71A50A28402D4700C45A42 /* ServiceLocator.swift */,
			);
			path = Utils;
			sourceTree = "<group>";
		};
		FD71A503284012AE00C45A42 /* DTO */ = {
			isa = PBXGroup;
			children = (
				FD71A5072840166B00C45A42 /* Converter.swift */,
				FD71A504284012BF00C45A42 /* UserDTO.swift */,
				FD71A51D28413AD400C45A42 /* FollowUserDTO.swift */,
				FD3D70722843D587001CEAFE /* RepositoryDTO.swift */,
			);
			path = DTO;
			sourceTree = "<group>";
		};
		FD71A5132841221A00C45A42 /* Users */ = {
			isa = PBXGroup;
			children = (
				FD71A5142841222A00C45A42 /* UsersViewController.swift */,
				FD71A5172841223300C45A42 /* UsersView.swift */,
				FD71A51A2841224000C45A42 /* UsersPresenter.swift */,
			);
			path = Users;
			sourceTree = "<group>";
		};
		FD71A52028413D3C00C45A42 /* UI */ = {
			isa = PBXGroup;
			children = (
				FD71A52128413D5200C45A42 /* BaseView.swift */,
			);
			path = UI;
			sourceTree = "<group>";
		};
		FD71A5242841DF8900C45A42 /* Repositories */ = {
			isa = PBXGroup;
			children = (
				FD18D5DC2844ED7C00DDA237 /* Repository */,
				FD71A5252841DF9E00C45A42 /* RepositoriesViewController.swift */,
				FD71A5282841DFBF00C45A42 /* RepositoriesView.swift */,
				FD71A52B2841DFCD00C45A42 /* RepositoriesPresenter.swift */,
			);
			path = Repositories;
			sourceTree = "<group>";
		};
		FDCF694D2846C795005FB52C /* Persistance */ = {
			isa = PBXGroup;
			children = (
				FDCF694E2846C7CA005FB52C /* Storage.swift */,
			);
			path = Persistance;
			sourceTree = "<group>";
		};
/* End PBXGroup section */

/* Begin PBXNativeTarget section */
		FD26051B28398A8E006B117C /* GitHubExplorer */ = {
			isa = PBXNativeTarget;
			buildConfigurationList = FD26054628398A91006B117C /* Build configuration list for PBXNativeTarget "GitHubExplorer" */;
			buildPhases = (
				82C92871B4DCFDB711C21415 /* [CP] Check Pods Manifest.lock */,
				FD26051828398A8E006B117C /* Sources */,
				FD26051928398A8E006B117C /* Frameworks */,
				FD26051A28398A8E006B117C /* Resources */,
				4002803CDBC12F03BD5A30EA /* [CP] Embed Pods Frameworks */,
			);
			buildRules = (
			);
			dependencies = (
			);
			name = GitHubExplorer;
			productName = GitHubExplorer;
			productReference = FD26051C28398A8E006B117C /* GitHubExplorer.app */;
			productType = "com.apple.product-type.application";
		};
		FD26053128398A91006B117C /* GitHubExplorerTests */ = {
			isa = PBXNativeTarget;
			buildConfigurationList = FD26054928398A91006B117C /* Build configuration list for PBXNativeTarget "GitHubExplorerTests" */;
			buildPhases = (
				1D46E4959466EC654C1CFE9E /* [CP] Check Pods Manifest.lock */,
				FD26052E28398A91006B117C /* Sources */,
				FD26052F28398A91006B117C /* Frameworks */,
				FD26053028398A91006B117C /* Resources */,
			);
			buildRules = (
			);
			dependencies = (
				FD26053428398A91006B117C /* PBXTargetDependency */,
			);
			name = GitHubExplorerTests;
			productName = GitHubExplorerTests;
			productReference = FD26053228398A91006B117C /* GitHubExplorerTests.xctest */;
			productType = "com.apple.product-type.bundle.unit-test";
		};
		FD26053B28398A91006B117C /* GitHubExplorerUITests */ = {
			isa = PBXNativeTarget;
			buildConfigurationList = FD26054C28398A91006B117C /* Build configuration list for PBXNativeTarget "GitHubExplorerUITests" */;
			buildPhases = (
				E23846D93AAE224CDFA060A8 /* [CP] Check Pods Manifest.lock */,
				FD26053828398A91006B117C /* Sources */,
				FD26053928398A91006B117C /* Frameworks */,
				FD26053A28398A91006B117C /* Resources */,
				67E5FA910354244B2D71E073 /* [CP] Embed Pods Frameworks */,
			);
			buildRules = (
			);
			dependencies = (
				FD26053E28398A91006B117C /* PBXTargetDependency */,
			);
			name = GitHubExplorerUITests;
			productName = GitHubExplorerUITests;
			productReference = FD26053C28398A91006B117C /* GitHubExplorerUITests.xctest */;
			productType = "com.apple.product-type.bundle.ui-testing";
		};
/* End PBXNativeTarget section */

/* Begin PBXProject section */
		FD26051428398A8E006B117C /* Project object */ = {
			isa = PBXProject;
			attributes = {
				BuildIndependentTargetsInParallel = 1;
				LastSwiftUpdateCheck = 1330;
				LastUpgradeCheck = 1330;
				TargetAttributes = {
					FD26051B28398A8E006B117C = {
						CreatedOnToolsVersion = 13.3;
					};
					FD26053128398A91006B117C = {
						CreatedOnToolsVersion = 13.3;
						TestTargetID = FD26051B28398A8E006B117C;
					};
					FD26053B28398A91006B117C = {
						CreatedOnToolsVersion = 13.3;
						TestTargetID = FD26051B28398A8E006B117C;
					};
				};
			};
			buildConfigurationList = FD26051728398A8E006B117C /* Build configuration list for PBXProject "GitHubExplorer" */;
			compatibilityVersion = "Xcode 13.0";
			developmentRegion = en;
			hasScannedForEncodings = 0;
			knownRegions = (
				en,
				Base,
			);
			mainGroup = FD26051328398A8E006B117C;
			productRefGroup = FD26051D28398A8E006B117C /* Products */;
			projectDirPath = "";
			projectRoot = "";
			targets = (
				FD26051B28398A8E006B117C /* GitHubExplorer */,
				FD26053128398A91006B117C /* GitHubExplorerTests */,
				FD26053B28398A91006B117C /* GitHubExplorerUITests */,
			);
		};
/* End PBXProject section */

/* Begin PBXResourcesBuildPhase section */
		FD26051A28398A8E006B117C /* Resources */ = {
			isa = PBXResourcesBuildPhase;
			buildActionMask = 2147483647;
			files = (
				FD52C2012839954900A5C689 /* .gitignore in Resources */,
				FD26052C28398A91006B117C /* LaunchScreen.storyboard in Resources */,
				FD26052928398A91006B117C /* Assets.xcassets in Resources */,
				FD26052728398A8E006B117C /* Main.storyboard in Resources */,
			);
			runOnlyForDeploymentPostprocessing = 0;
		};
		FD26053028398A91006B117C /* Resources */ = {
			isa = PBXResourcesBuildPhase;
			buildActionMask = 2147483647;
			files = (
			);
			runOnlyForDeploymentPostprocessing = 0;
		};
		FD26053A28398A91006B117C /* Resources */ = {
			isa = PBXResourcesBuildPhase;
			buildActionMask = 2147483647;
			files = (
			);
			runOnlyForDeploymentPostprocessing = 0;
		};
/* End PBXResourcesBuildPhase section */

/* Begin PBXShellScriptBuildPhase section */
		1D46E4959466EC654C1CFE9E /* [CP] Check Pods Manifest.lock */ = {
			isa = PBXShellScriptBuildPhase;
			buildActionMask = 2147483647;
			files = (
			);
			inputFileListPaths = (
			);
			inputPaths = (
				"${PODS_PODFILE_DIR_PATH}/Podfile.lock",
				"${PODS_ROOT}/Manifest.lock",
			);
			name = "[CP] Check Pods Manifest.lock";
			outputFileListPaths = (
			);
			outputPaths = (
				"$(DERIVED_FILE_DIR)/Pods-GitHubExplorerTests-checkManifestLockResult.txt",
			);
			runOnlyForDeploymentPostprocessing = 0;
			shellPath = /bin/sh;
			shellScript = "diff \"${PODS_PODFILE_DIR_PATH}/Podfile.lock\" \"${PODS_ROOT}/Manifest.lock\" > /dev/null\nif [ $? != 0 ] ; then\n    # print error to STDERR\n    echo \"error: The sandbox is not in sync with the Podfile.lock. Run 'pod install' or update your CocoaPods installation.\" >&2\n    exit 1\nfi\n# This output is used by Xcode 'outputs' to avoid re-running this script phase.\necho \"SUCCESS\" > \"${SCRIPT_OUTPUT_FILE_0}\"\n";
			showEnvVarsInLog = 0;
		};
		4002803CDBC12F03BD5A30EA /* [CP] Embed Pods Frameworks */ = {
			isa = PBXShellScriptBuildPhase;
			buildActionMask = 2147483647;
			files = (
			);
			inputFileListPaths = (
				"${PODS_ROOT}/Target Support Files/Pods-GitHubExplorer/Pods-GitHubExplorer-frameworks-${CONFIGURATION}-input-files.xcfilelist",
			);
			name = "[CP] Embed Pods Frameworks";
			outputFileListPaths = (
				"${PODS_ROOT}/Target Support Files/Pods-GitHubExplorer/Pods-GitHubExplorer-frameworks-${CONFIGURATION}-output-files.xcfilelist",
			);
			runOnlyForDeploymentPostprocessing = 0;
			shellPath = /bin/sh;
			shellScript = "\"${PODS_ROOT}/Target Support Files/Pods-GitHubExplorer/Pods-GitHubExplorer-frameworks.sh\"\n";
			showEnvVarsInLog = 0;
		};
		67E5FA910354244B2D71E073 /* [CP] Embed Pods Frameworks */ = {
			isa = PBXShellScriptBuildPhase;
			buildActionMask = 2147483647;
			files = (
			);
			inputFileListPaths = (
				"${PODS_ROOT}/Target Support Files/Pods-GitHubExplorer-GitHubExplorerUITests/Pods-GitHubExplorer-GitHubExplorerUITests-frameworks-${CONFIGURATION}-input-files.xcfilelist",
			);
			name = "[CP] Embed Pods Frameworks";
			outputFileListPaths = (
				"${PODS_ROOT}/Target Support Files/Pods-GitHubExplorer-GitHubExplorerUITests/Pods-GitHubExplorer-GitHubExplorerUITests-frameworks-${CONFIGURATION}-output-files.xcfilelist",
			);
			runOnlyForDeploymentPostprocessing = 0;
			shellPath = /bin/sh;
			shellScript = "\"${PODS_ROOT}/Target Support Files/Pods-GitHubExplorer-GitHubExplorerUITests/Pods-GitHubExplorer-GitHubExplorerUITests-frameworks.sh\"\n";
			showEnvVarsInLog = 0;
		};
		82C92871B4DCFDB711C21415 /* [CP] Check Pods Manifest.lock */ = {
			isa = PBXShellScriptBuildPhase;
			buildActionMask = 2147483647;
			files = (
			);
			inputFileListPaths = (
			);
			inputPaths = (
				"${PODS_PODFILE_DIR_PATH}/Podfile.lock",
				"${PODS_ROOT}/Manifest.lock",
			);
			name = "[CP] Check Pods Manifest.lock";
			outputFileListPaths = (
			);
			outputPaths = (
				"$(DERIVED_FILE_DIR)/Pods-GitHubExplorer-checkManifestLockResult.txt",
			);
			runOnlyForDeploymentPostprocessing = 0;
			shellPath = /bin/sh;
			shellScript = "diff \"${PODS_PODFILE_DIR_PATH}/Podfile.lock\" \"${PODS_ROOT}/Manifest.lock\" > /dev/null\nif [ $? != 0 ] ; then\n    # print error to STDERR\n    echo \"error: The sandbox is not in sync with the Podfile.lock. Run 'pod install' or update your CocoaPods installation.\" >&2\n    exit 1\nfi\n# This output is used by Xcode 'outputs' to avoid re-running this script phase.\necho \"SUCCESS\" > \"${SCRIPT_OUTPUT_FILE_0}\"\n";
			showEnvVarsInLog = 0;
		};
		E23846D93AAE224CDFA060A8 /* [CP] Check Pods Manifest.lock */ = {
			isa = PBXShellScriptBuildPhase;
			buildActionMask = 2147483647;
			files = (
			);
			inputFileListPaths = (
			);
			inputPaths = (
				"${PODS_PODFILE_DIR_PATH}/Podfile.lock",
				"${PODS_ROOT}/Manifest.lock",
			);
			name = "[CP] Check Pods Manifest.lock";
			outputFileListPaths = (
			);
			outputPaths = (
				"$(DERIVED_FILE_DIR)/Pods-GitHubExplorer-GitHubExplorerUITests-checkManifestLockResult.txt",
			);
			runOnlyForDeploymentPostprocessing = 0;
			shellPath = /bin/sh;
			shellScript = "diff \"${PODS_PODFILE_DIR_PATH}/Podfile.lock\" \"${PODS_ROOT}/Manifest.lock\" > /dev/null\nif [ $? != 0 ] ; then\n    # print error to STDERR\n    echo \"error: The sandbox is not in sync with the Podfile.lock. Run 'pod install' or update your CocoaPods installation.\" >&2\n    exit 1\nfi\n# This output is used by Xcode 'outputs' to avoid re-running this script phase.\necho \"SUCCESS\" > \"${SCRIPT_OUTPUT_FILE_0}\"\n";
			showEnvVarsInLog = 0;
		};
/* End PBXShellScriptBuildPhase section */

/* Begin PBXSourcesBuildPhase section */
		FD26051828398A8E006B117C /* Sources */ = {
			isa = PBXSourcesBuildPhase;
			buildActionMask = 2147483647;
			files = (
				FD71A4F0283D380800C45A42 /* LoginPresenter.swift in Sources */,
				FD71A52228413D5200C45A42 /* BaseView.swift in Sources */,
				FD71A4F7283DE99D00C45A42 /* ProfileViewController.swift in Sources */,
				FD71A5082840166B00C45A42 /* Converter.swift in Sources */,
				FD18D5DE2844ED8C00DDA237 /* RepositoryViewController.swift in Sources */,
				FD71A4F3283D388700C45A42 /* LoginView.swift in Sources */,
				FD519CE12845E2840020F2DA /* SearchPresenter.swift in Sources */,
				FD3D70732843D587001CEAFE /* RepositoryDTO.swift in Sources */,
				FD71A51E28413AD400C45A42 /* FollowUserDTO.swift in Sources */,
				FD519CDD2845E26C0020F2DA /* SearchViewController.swift in Sources */,
				FD71A4FD283DEA3E00C45A42 /* ProfilePresenter.swift in Sources */,
				FD71A52C2841DFCD00C45A42 /* RepositoriesPresenter.swift in Sources */,
				FD71A5152841222A00C45A42 /* UsersViewController.swift in Sources */,
				FD26052428398A8E006B117C /* ViewController.swift in Sources */,
				FD71A50B28402D4700C45A42 /* ServiceLocator.swift in Sources */,
				FD71A5182841223300C45A42 /* UsersView.swift in Sources */,
				FD71A5012840118F00C45A42 /* UIViewController+Extras.swift in Sources */,
				FD71A50E2840336900C45A42 /* FollowResponse.swift in Sources */,
				FD71A51B2841224000C45A42 /* UsersPresenter.swift in Sources */,
				FD71A505284012BF00C45A42 /* UserDTO.swift in Sources */,
				FD519CDF2845E2780020F2DA /* SearchView.swift in Sources */,
				FD26052028398A8E006B117C /* AppDelegate.swift in Sources */,
				FD26052228398A8E006B117C /* SceneDelegate.swift in Sources */,
				FD71A4E7283C1F7100C45A42 /* UserAPI+Extras.swift in Sources */,
				FD71A5292841DFBF00C45A42 /* RepositoriesView.swift in Sources */,
				FD71A4FA283DEA2F00C45A42 /* ProfileView.swift in Sources */,
				FD71A5262841DF9E00C45A42 /* RepositoriesViewController.swift in Sources */,
				FDCF694F2846C7CA005FB52C /* Storage.swift in Sources */,
				FD71A4EB283D36D900C45A42 /* LoginViewController.swift in Sources */,
			);
			runOnlyForDeploymentPostprocessing = 0;
		};
		FD26052E28398A91006B117C /* Sources */ = {
			isa = PBXSourcesBuildPhase;
			buildActionMask = 2147483647;
			files = (
				FD519CE82845E94F0020F2DA /* SearchPresenter.swift in Sources */,
				FD18D5DB2844DAEE00DDA237 /* RepositoriesPresenterTests.swift in Sources */,
				FD71A5272841DF9E00C45A42 /* RepositoriesViewController.swift in Sources */,
				FD71A50C28402D4700C45A42 /* ServiceLocator.swift in Sources */,
				FD519CE62845E54F0020F2DA /* SearchPresenterTests.swift in Sources */,
				FD71A4F8283DE99D00C45A42 /* ProfileViewController.swift in Sources */,
				FD71A4F4283D388700C45A42 /* LoginView.swift in Sources */,
				FD3D706C2843A27D001CEAFE /* LoginSpyView.swift in Sources */,
				FD71A506284012BF00C45A42 /* UserDTO.swift in Sources */,
				FD71A52D2841DFCD00C45A42 /* RepositoriesPresenter.swift in Sources */,
				FD519CE42845E52F0020F2DA /* SearchView.swift in Sources */,
				FD3D706E2843C6F2001CEAFE /* ProfilePresenterTest.swift in Sources */,
				FD71A4FE283DEA3E00C45A42 /* ProfilePresenter.swift in Sources */,
				FD71A52A2841DFBF00C45A42 /* RepositoriesView.swift in Sources */,
				FD71A4FB283DEA2F00C45A42 /* ProfileView.swift in Sources */,
				FD71A51F28413AD400C45A42 /* FollowUserDTO.swift in Sources */,
				FD3D706A2843930C001CEAFE /* LoginPresenterTests.swift in Sources */,
				FD71A5022840118F00C45A42 /* UIViewController+Extras.swift in Sources */,
				FD71A4EC283D36D900C45A42 /* LoginViewController.swift in Sources */,
				FDCF69502846C7CA005FB52C /* Storage.swift in Sources */,
				FDCF694C2846BAB6005FB52C /* PersistanceTests.swift in Sources */,
				FD71A50F2840336900C45A42 /* FollowResponse.swift in Sources */,
				FD519CE32845E4EB0020F2DA /* SearchSpyView.swift in Sources */,
				FD71A530284369BD00C45A42 /* GitHubExplorerIntegrationTests.swift in Sources */,
				FD3D70712843C741001CEAFE /* ProfileSpyView.swift in Sources */,
				FD18D5D92844D91E00DDA237 /* RepositoriesSpyView.swift in Sources */,
				FD71A5092840166B00C45A42 /* Converter.swift in Sources */,
				FD519CE72845E7A90020F2DA /* RepositoryViewController.swift in Sources */,
				FD3D70742843D58C001CEAFE /* RepositoryDTO.swift in Sources */,
				FD71A4F1283D380800C45A42 /* LoginPresenter.swift in Sources */,
				FD71A52328413D5200C45A42 /* BaseView.swift in Sources */,
			);
			runOnlyForDeploymentPostprocessing = 0;
		};
		FD26053828398A91006B117C /* Sources */ = {
			isa = PBXSourcesBuildPhase;
			buildActionMask = 2147483647;
			files = (
				FD26054328398A91006B117C /* GitHubExplorerUITestsLaunchTests.swift in Sources */,
				FD26054128398A91006B117C /* GitHubExplorerUITests.swift in Sources */,
			);
			runOnlyForDeploymentPostprocessing = 0;
		};
/* End PBXSourcesBuildPhase section */

/* Begin PBXTargetDependency section */
		FD26053428398A91006B117C /* PBXTargetDependency */ = {
			isa = PBXTargetDependency;
			target = FD26051B28398A8E006B117C /* GitHubExplorer */;
			targetProxy = FD26053328398A91006B117C /* PBXContainerItemProxy */;
		};
		FD26053E28398A91006B117C /* PBXTargetDependency */ = {
			isa = PBXTargetDependency;
			target = FD26051B28398A8E006B117C /* GitHubExplorer */;
			targetProxy = FD26053D28398A91006B117C /* PBXContainerItemProxy */;
		};
/* End PBXTargetDependency section */

/* Begin PBXVariantGroup section */
		FD26052528398A8E006B117C /* Main.storyboard */ = {
			isa = PBXVariantGroup;
			children = (
				FD26052628398A8E006B117C /* Base */,
			);
			name = Main.storyboard;
			sourceTree = "<group>";
		};
		FD26052A28398A91006B117C /* LaunchScreen.storyboard */ = {
			isa = PBXVariantGroup;
			children = (
				FD26052B28398A91006B117C /* Base */,
			);
			name = LaunchScreen.storyboard;
			sourceTree = "<group>";
		};
/* End PBXVariantGroup section */

/* Begin XCBuildConfiguration section */
		FD26054428398A91006B117C /* Debug */ = {
			isa = XCBuildConfiguration;
			buildSettings = {
				ALWAYS_SEARCH_USER_PATHS = NO;
				CLANG_ANALYZER_NONNULL = YES;
				CLANG_ANALYZER_NUMBER_OBJECT_CONVERSION = YES_AGGRESSIVE;
				CLANG_CXX_LANGUAGE_STANDARD = "gnu++17";
				CLANG_ENABLE_MODULES = YES;
				CLANG_ENABLE_OBJC_ARC = YES;
				CLANG_ENABLE_OBJC_WEAK = YES;
				CLANG_WARN_BLOCK_CAPTURE_AUTORELEASING = YES;
				CLANG_WARN_BOOL_CONVERSION = YES;
				CLANG_WARN_COMMA = YES;
				CLANG_WARN_CONSTANT_CONVERSION = YES;
				CLANG_WARN_DEPRECATED_OBJC_IMPLEMENTATIONS = YES;
				CLANG_WARN_DIRECT_OBJC_ISA_USAGE = YES_ERROR;
				CLANG_WARN_DOCUMENTATION_COMMENTS = YES;
				CLANG_WARN_EMPTY_BODY = YES;
				CLANG_WARN_ENUM_CONVERSION = YES;
				CLANG_WARN_INFINITE_RECURSION = YES;
				CLANG_WARN_INT_CONVERSION = YES;
				CLANG_WARN_NON_LITERAL_NULL_CONVERSION = YES;
				CLANG_WARN_OBJC_IMPLICIT_RETAIN_SELF = YES;
				CLANG_WARN_OBJC_LITERAL_CONVERSION = YES;
				CLANG_WARN_OBJC_ROOT_CLASS = YES_ERROR;
				CLANG_WARN_QUOTED_INCLUDE_IN_FRAMEWORK_HEADER = YES;
				CLANG_WARN_RANGE_LOOP_ANALYSIS = YES;
				CLANG_WARN_STRICT_PROTOTYPES = YES;
				CLANG_WARN_SUSPICIOUS_MOVE = YES;
				CLANG_WARN_UNGUARDED_AVAILABILITY = YES_AGGRESSIVE;
				CLANG_WARN_UNREACHABLE_CODE = YES;
				CLANG_WARN__DUPLICATE_METHOD_MATCH = YES;
				COPY_PHASE_STRIP = NO;
				DEBUG_INFORMATION_FORMAT = dwarf;
				ENABLE_STRICT_OBJC_MSGSEND = YES;
				ENABLE_TESTABILITY = YES;
				GCC_C_LANGUAGE_STANDARD = gnu11;
				GCC_DYNAMIC_NO_PIC = NO;
				GCC_NO_COMMON_BLOCKS = YES;
				GCC_OPTIMIZATION_LEVEL = 0;
				GCC_PREPROCESSOR_DEFINITIONS = (
					"DEBUG=1",
					"$(inherited)",
				);
				GCC_WARN_64_TO_32_BIT_CONVERSION = YES;
				GCC_WARN_ABOUT_RETURN_TYPE = YES_ERROR;
				GCC_WARN_UNDECLARED_SELECTOR = YES;
				GCC_WARN_UNINITIALIZED_AUTOS = YES_AGGRESSIVE;
				GCC_WARN_UNUSED_FUNCTION = YES;
				GCC_WARN_UNUSED_VARIABLE = YES;
				IPHONEOS_DEPLOYMENT_TARGET = 15.4;
				MTL_ENABLE_DEBUG_INFO = INCLUDE_SOURCE;
				MTL_FAST_MATH = YES;
				ONLY_ACTIVE_ARCH = YES;
				SDKROOT = iphoneos;
				SWIFT_ACTIVE_COMPILATION_CONDITIONS = DEBUG;
				SWIFT_OPTIMIZATION_LEVEL = "-Onone";
			};
			name = Debug;
		};
		FD26054528398A91006B117C /* Release */ = {
			isa = XCBuildConfiguration;
			buildSettings = {
				ALWAYS_SEARCH_USER_PATHS = NO;
				CLANG_ANALYZER_NONNULL = YES;
				CLANG_ANALYZER_NUMBER_OBJECT_CONVERSION = YES_AGGRESSIVE;
				CLANG_CXX_LANGUAGE_STANDARD = "gnu++17";
				CLANG_ENABLE_MODULES = YES;
				CLANG_ENABLE_OBJC_ARC = YES;
				CLANG_ENABLE_OBJC_WEAK = YES;
				CLANG_WARN_BLOCK_CAPTURE_AUTORELEASING = YES;
				CLANG_WARN_BOOL_CONVERSION = YES;
				CLANG_WARN_COMMA = YES;
				CLANG_WARN_CONSTANT_CONVERSION = YES;
				CLANG_WARN_DEPRECATED_OBJC_IMPLEMENTATIONS = YES;
				CLANG_WARN_DIRECT_OBJC_ISA_USAGE = YES_ERROR;
				CLANG_WARN_DOCUMENTATION_COMMENTS = YES;
				CLANG_WARN_EMPTY_BODY = YES;
				CLANG_WARN_ENUM_CONVERSION = YES;
				CLANG_WARN_INFINITE_RECURSION = YES;
				CLANG_WARN_INT_CONVERSION = YES;
				CLANG_WARN_NON_LITERAL_NULL_CONVERSION = YES;
				CLANG_WARN_OBJC_IMPLICIT_RETAIN_SELF = YES;
				CLANG_WARN_OBJC_LITERAL_CONVERSION = YES;
				CLANG_WARN_OBJC_ROOT_CLASS = YES_ERROR;
				CLANG_WARN_QUOTED_INCLUDE_IN_FRAMEWORK_HEADER = YES;
				CLANG_WARN_RANGE_LOOP_ANALYSIS = YES;
				CLANG_WARN_STRICT_PROTOTYPES = YES;
				CLANG_WARN_SUSPICIOUS_MOVE = YES;
				CLANG_WARN_UNGUARDED_AVAILABILITY = YES_AGGRESSIVE;
				CLANG_WARN_UNREACHABLE_CODE = YES;
				CLANG_WARN__DUPLICATE_METHOD_MATCH = YES;
				COPY_PHASE_STRIP = NO;
				DEBUG_INFORMATION_FORMAT = "dwarf-with-dsym";
				ENABLE_NS_ASSERTIONS = NO;
				ENABLE_STRICT_OBJC_MSGSEND = YES;
				GCC_C_LANGUAGE_STANDARD = gnu11;
				GCC_NO_COMMON_BLOCKS = YES;
				GCC_WARN_64_TO_32_BIT_CONVERSION = YES;
				GCC_WARN_ABOUT_RETURN_TYPE = YES_ERROR;
				GCC_WARN_UNDECLARED_SELECTOR = YES;
				GCC_WARN_UNINITIALIZED_AUTOS = YES_AGGRESSIVE;
				GCC_WARN_UNUSED_FUNCTION = YES;
				GCC_WARN_UNUSED_VARIABLE = YES;
				IPHONEOS_DEPLOYMENT_TARGET = 15.4;
				MTL_ENABLE_DEBUG_INFO = NO;
				MTL_FAST_MATH = YES;
				SDKROOT = iphoneos;
				SWIFT_COMPILATION_MODE = wholemodule;
				SWIFT_OPTIMIZATION_LEVEL = "-O";
				VALIDATE_PRODUCT = YES;
			};
			name = Release;
		};
		FD26054728398A91006B117C /* Debug */ = {
			isa = XCBuildConfiguration;
			baseConfigurationReference = 9FCAEEEBF39967D68C7C7F51 /* Pods-GitHubExplorer.debug.xcconfig */;
			buildSettings = {
				ASSETCATALOG_COMPILER_APPICON_NAME = AppIcon;
				ASSETCATALOG_COMPILER_GLOBAL_ACCENT_COLOR_NAME = AccentColor;
				CODE_SIGN_STYLE = Automatic;
				CURRENT_PROJECT_VERSION = 1;
				GENERATE_INFOPLIST_FILE = YES;
				INFOPLIST_FILE = GitHubExplorer/Info.plist;
				INFOPLIST_KEY_UIApplicationSupportsIndirectInputEvents = YES;
				INFOPLIST_KEY_UILaunchStoryboardName = LaunchScreen;
				INFOPLIST_KEY_UIMainStoryboardFile = Main;
				INFOPLIST_KEY_UISupportedInterfaceOrientations_iPad = "UIInterfaceOrientationPortrait UIInterfaceOrientationPortraitUpsideDown UIInterfaceOrientationLandscapeLeft UIInterfaceOrientationLandscapeRight";
				INFOPLIST_KEY_UISupportedInterfaceOrientations_iPhone = "UIInterfaceOrientationPortrait UIInterfaceOrientationLandscapeLeft UIInterfaceOrientationLandscapeRight";
				LD_RUNPATH_SEARCH_PATHS = (
					"$(inherited)",
					"@executable_path/Frameworks",
				);
				MARKETING_VERSION = 1.0;
				PRODUCT_BUNDLE_IDENTIFIER = com.emergent.GitHubExplorer;
				PRODUCT_NAME = "$(TARGET_NAME)";
				SWIFT_EMIT_LOC_STRINGS = YES;
				SWIFT_VERSION = 5.0;
				TARGETED_DEVICE_FAMILY = "1,2";
			};
			name = Debug;
		};
		FD26054828398A91006B117C /* Release */ = {
			isa = XCBuildConfiguration;
			baseConfigurationReference = 592478D7866EDB057C37176C /* Pods-GitHubExplorer.release.xcconfig */;
			buildSettings = {
				ASSETCATALOG_COMPILER_APPICON_NAME = AppIcon;
				ASSETCATALOG_COMPILER_GLOBAL_ACCENT_COLOR_NAME = AccentColor;
				CODE_SIGN_STYLE = Automatic;
				CURRENT_PROJECT_VERSION = 1;
				GENERATE_INFOPLIST_FILE = YES;
				INFOPLIST_FILE = GitHubExplorer/Info.plist;
				INFOPLIST_KEY_UIApplicationSupportsIndirectInputEvents = YES;
				INFOPLIST_KEY_UILaunchStoryboardName = LaunchScreen;
				INFOPLIST_KEY_UIMainStoryboardFile = Main;
				INFOPLIST_KEY_UISupportedInterfaceOrientations_iPad = "UIInterfaceOrientationPortrait UIInterfaceOrientationPortraitUpsideDown UIInterfaceOrientationLandscapeLeft UIInterfaceOrientationLandscapeRight";
				INFOPLIST_KEY_UISupportedInterfaceOrientations_iPhone = "UIInterfaceOrientationPortrait UIInterfaceOrientationLandscapeLeft UIInterfaceOrientationLandscapeRight";
				LD_RUNPATH_SEARCH_PATHS = (
					"$(inherited)",
					"@executable_path/Frameworks",
				);
				MARKETING_VERSION = 1.0;
				PRODUCT_BUNDLE_IDENTIFIER = com.emergent.GitHubExplorer;
				PRODUCT_NAME = "$(TARGET_NAME)";
				SWIFT_EMIT_LOC_STRINGS = YES;
				SWIFT_VERSION = 5.0;
				TARGETED_DEVICE_FAMILY = "1,2";
			};
			name = Release;
		};
		FD26054A28398A91006B117C /* Debug */ = {
			isa = XCBuildConfiguration;
			baseConfigurationReference = FDD14C0DF7A04B5D5524F891 /* Pods-GitHubExplorerTests.debug.xcconfig */;
			buildSettings = {
				ALWAYS_EMBED_SWIFT_STANDARD_LIBRARIES = YES;
				BUNDLE_LOADER = "$(TEST_HOST)";
				CODE_SIGN_IDENTITY = "Apple Development";
				"CODE_SIGN_IDENTITY[sdk=macosx*]" = "Apple Development";
				CODE_SIGN_STYLE = Automatic;
				CURRENT_PROJECT_VERSION = 1;
				DEVELOPMENT_TEAM = 8469JS949R;
				GENERATE_INFOPLIST_FILE = YES;
				IPHONEOS_DEPLOYMENT_TARGET = 15.4;
				MARKETING_VERSION = 1.0;
				PRODUCT_BUNDLE_IDENTIFIER = com.emergent.GitHubExplorerTests;
				PRODUCT_NAME = "$(TARGET_NAME)";
				PROVISIONING_PROFILE_SPECIFIER = "";
				"PROVISIONING_PROFILE_SPECIFIER[sdk=macosx*]" = "";
				SWIFT_EMIT_LOC_STRINGS = NO;
				SWIFT_VERSION = 5.0;
				TARGETED_DEVICE_FAMILY = "1,2";
				TEST_HOST = "$(BUILT_PRODUCTS_DIR)/GitHubExplorer.app/GitHubExplorer";
			};
			name = Debug;
		};
		FD26054B28398A91006B117C /* Release */ = {
			isa = XCBuildConfiguration;
			baseConfigurationReference = 286C6808940B5EE3F2C31CE4 /* Pods-GitHubExplorerTests.release.xcconfig */;
			buildSettings = {
				ALWAYS_EMBED_SWIFT_STANDARD_LIBRARIES = YES;
				BUNDLE_LOADER = "$(TEST_HOST)";
				CODE_SIGN_IDENTITY = "Apple Development";
				"CODE_SIGN_IDENTITY[sdk=macosx*]" = "Apple Development";
				CODE_SIGN_STYLE = Automatic;
				CURRENT_PROJECT_VERSION = 1;
				DEVELOPMENT_TEAM = 8469JS949R;
				GENERATE_INFOPLIST_FILE = YES;
				IPHONEOS_DEPLOYMENT_TARGET = 15.4;
				MARKETING_VERSION = 1.0;
				PRODUCT_BUNDLE_IDENTIFIER = com.emergent.GitHubExplorerTests;
				PRODUCT_NAME = "$(TARGET_NAME)";
				PROVISIONING_PROFILE_SPECIFIER = "";
				"PROVISIONING_PROFILE_SPECIFIER[sdk=macosx*]" = "";
				SWIFT_EMIT_LOC_STRINGS = NO;
				SWIFT_VERSION = 5.0;
				TARGETED_DEVICE_FAMILY = "1,2";
				TEST_HOST = "$(BUILT_PRODUCTS_DIR)/GitHubExplorer.app/GitHubExplorer";
			};
			name = Release;
		};
		FD26054D28398A91006B117C /* Debug */ = {
			isa = XCBuildConfiguration;
			baseConfigurationReference = A0597BD9BF1051381D427527 /* Pods-GitHubExplorer-GitHubExplorerUITests.debug.xcconfig */;
			buildSettings = {
				ALWAYS_EMBED_SWIFT_STANDARD_LIBRARIES = YES;
				CODE_SIGN_STYLE = Automatic;
				CURRENT_PROJECT_VERSION = 1;
				GENERATE_INFOPLIST_FILE = YES;
				MARKETING_VERSION = 1.0;
				PRODUCT_BUNDLE_IDENTIFIER = com.emergent.GitHubExplorerUITests;
				PRODUCT_NAME = "$(TARGET_NAME)";
				SWIFT_EMIT_LOC_STRINGS = NO;
				SWIFT_VERSION = 5.0;
				TARGETED_DEVICE_FAMILY = "1,2";
				TEST_TARGET_NAME = GitHubExplorer;
			};
			name = Debug;
		};
		FD26054E28398A91006B117C /* Release */ = {
			isa = XCBuildConfiguration;
			baseConfigurationReference = BA8BA734B9FFAAF89E9F53A5 /* Pods-GitHubExplorer-GitHubExplorerUITests.release.xcconfig */;
			buildSettings = {
				ALWAYS_EMBED_SWIFT_STANDARD_LIBRARIES = YES;
				CODE_SIGN_STYLE = Automatic;
				CURRENT_PROJECT_VERSION = 1;
				GENERATE_INFOPLIST_FILE = YES;
				MARKETING_VERSION = 1.0;
				PRODUCT_BUNDLE_IDENTIFIER = com.emergent.GitHubExplorerUITests;
				PRODUCT_NAME = "$(TARGET_NAME)";
				SWIFT_EMIT_LOC_STRINGS = NO;
				SWIFT_VERSION = 5.0;
				TARGETED_DEVICE_FAMILY = "1,2";
				TEST_TARGET_NAME = GitHubExplorer;
			};
			name = Release;
		};
/* End XCBuildConfiguration section */

/* Begin XCConfigurationList section */
		FD26051728398A8E006B117C /* Build configuration list for PBXProject "GitHubExplorer" */ = {
			isa = XCConfigurationList;
			buildConfigurations = (
				FD26054428398A91006B117C /* Debug */,
				FD26054528398A91006B117C /* Release */,
			);
			defaultConfigurationIsVisible = 0;
			defaultConfigurationName = Release;
		};
		FD26054628398A91006B117C /* Build configuration list for PBXNativeTarget "GitHubExplorer" */ = {
			isa = XCConfigurationList;
			buildConfigurations = (
				FD26054728398A91006B117C /* Debug */,
				FD26054828398A91006B117C /* Release */,
			);
			defaultConfigurationIsVisible = 0;
			defaultConfigurationName = Release;
		};
		FD26054928398A91006B117C /* Build configuration list for PBXNativeTarget "GitHubExplorerTests" */ = {
			isa = XCConfigurationList;
			buildConfigurations = (
				FD26054A28398A91006B117C /* Debug */,
				FD26054B28398A91006B117C /* Release */,
			);
			defaultConfigurationIsVisible = 0;
			defaultConfigurationName = Release;
		};
		FD26054C28398A91006B117C /* Build configuration list for PBXNativeTarget "GitHubExplorerUITests" */ = {
			isa = XCConfigurationList;
			buildConfigurations = (
				FD26054D28398A91006B117C /* Debug */,
				FD26054E28398A91006B117C /* Release */,
			);
			defaultConfigurationIsVisible = 0;
			defaultConfigurationName = Release;
		};
/* End XCConfigurationList section */
	};
	rootObject = FD26051428398A8E006B117C /* Project object */;
}
